
Microsoft Visual Studio Solution File, Format Version 12.00
# Visual Studio Version 17
VisualStudioVersion = 17.2.32602.215
MinimumVisualStudioVersion = 10.0.40219.1
Project("{FAE04EC0-301F-11D3-BF4B-00C04F79EFBC}") = "Du - Data", "Du - Data\Du - Data.csproj", "{F1F8483A-6D48-4EE5-AEE2-6E9220B4ECB6}"
EndProject
Global
	GlobalSection(SolutionConfigurationPlatforms) = preSolution
		Debug|Any CPU = Debug|Any CPU
		Release|Any CPU = Release|Any CPU
	EndGlobalSection
	GlobalSection(ProjectConfigurationPlatforms) = postSolution
		{F1F8483A-6D48-4EE5-AEE2-6E9220B4ECB6}.Debug|Any CPU.ActiveCfg = Debug|Any CPU
		{F1F8483A-6D48-4EE5-AEE2-6E9220B4ECB6}.Debug|Any CPU.Build.0 = Debug|Any CPU
		{F1F8483A-6D48-4EE5-AEE2-6E9220B4ECB6}.Release|Any CPU.ActiveCfg = Release|Any CPU
		{F1F8483A-6D48-4EE5-AEE2-6E9220B4ECB6}.Release|Any CPU.Build.0 = Release|Any CPU
	EndGlobalSection
	GlobalSection(SolutionProperties) = preSolution
		HideSolutionNode = FALSE
	EndGlobalSection
	GlobalSection(ExtensibilityGlobals) = postSolution
		SolutionGuid = {749858BC-F045-4CB3-8664-4C32422F94B1}
	EndGlobalSection
EndGlobal
